{
  "object": {
    "pins": [
      {
        "package": "Runestone",
        "repositoryURL": "https://github.com/yusufozgul/Runestone",
        "state": {
          "branch": "main",
          "revision": "6b3937b3c0e6c9fd6058d0d22b5319dadff75b87",
          "version": null
        }
      }
    ]
  },
  "version": 1
}
